// !$*UTF8*$!
{
	archiveVersion = 1;
	classes = {
	};
	objectVersion = 56;
	objects = {

/* Begin PBXBuildFile section */
		082642742BD1646700F2B508 /* GoogleService-Info.plist in Resources */ = {isa = PBXBuildFile; fileRef = 082642732BD1646700F2B508 /* GoogleService-Info.plist */; };
		082642772BD1659400F2B508 /* FirebaseAuth in Frameworks */ = {isa = PBXBuildFile; productRef = 082642762BD1659400F2B508 /* FirebaseAuth */; };
		082642792BD1659400F2B508 /* FirebaseFirestore in Frameworks */ = {isa = PBXBuildFile; productRef = 082642782BD1659400F2B508 /* FirebaseFirestore */; };
		0826427B2BD1659400F2B508 /* FirebaseFirestoreSwift in Frameworks */ = {isa = PBXBuildFile; productRef = 0826427A2BD1659400F2B508 /* FirebaseFirestoreSwift */; };
		0826427D2BD1659400F2B508 /* FirebaseStorage in Frameworks */ = {isa = PBXBuildFile; productRef = 0826427C2BD1659400F2B508 /* FirebaseStorage */; };
		0826427F2BD1690500F2B508 /* AuthViewModel.swift in Sources */ = {isa = PBXBuildFile; fileRef = 0826427E2BD1690500F2B508 /* AuthViewModel.swift */; };
		082642812BD379E300F2B508 /* ProfilePhotoSelecterView.swift in Sources */ = {isa = PBXBuildFile; fileRef = 082642802BD379E300F2B508 /* ProfilePhotoSelecterView.swift */; };
		082642842BD4DDCB00F2B508 /* ImagePicker.swift in Sources */ = {isa = PBXBuildFile; fileRef = 082642832BD4DDCB00F2B508 /* ImagePicker.swift */; };
		082642862BD4EA5A00F2B508 /* ImageUploader.swift in Sources */ = {isa = PBXBuildFile; fileRef = 082642852BD4EA5A00F2B508 /* ImageUploader.swift */; };
		0826428A2BD4FE0900F2B508 /* UserService.swift in Sources */ = {isa = PBXBuildFile; fileRef = 082642892BD4FE0900F2B508 /* UserService.swift */; };
		0826428C2BD4FFC900F2B508 /* User.swift in Sources */ = {isa = PBXBuildFile; fileRef = 0826428B2BD4FFC900F2B508 /* User.swift */; };
		0826428F2BD5061A00F2B508 /* Kingfisher in Frameworks */ = {isa = PBXBuildFile; productRef = 0826428E2BD5061A00F2B508 /* Kingfisher */; };
		089FF6342BC41432002601DA /* TwitterCloneApp.swift in Sources */ = {isa = PBXBuildFile; fileRef = 089FF6332BC41432002601DA /* TwitterCloneApp.swift */; };
		089FF6362BC41432002601DA /* ContentView.swift in Sources */ = {isa = PBXBuildFile; fileRef = 089FF6352BC41432002601DA /* ContentView.swift */; };
		089FF6382BC41434002601DA /* Assets.xcassets in Resources */ = {isa = PBXBuildFile; fileRef = 089FF6372BC41434002601DA /* Assets.xcassets */; };
		089FF63B2BC41434002601DA /* Preview Assets.xcassets in Resources */ = {isa = PBXBuildFile; fileRef = 089FF63A2BC41434002601DA /* Preview Assets.xcassets */; };
		089FF64B2BC41752002601DA /* FeedView.swift in Sources */ = {isa = PBXBuildFile; fileRef = 089FF64A2BC41752002601DA /* FeedView.swift */; };
		089FF64E2BC418EA002601DA /* TweetRowView.swift in Sources */ = {isa = PBXBuildFile; fileRef = 089FF64D2BC418EA002601DA /* TweetRowView.swift */; };
		089FF6512BC54CF4002601DA /* MainTabView.swift in Sources */ = {isa = PBXBuildFile; fileRef = 089FF6502BC54CF4002601DA /* MainTabView.swift */; };
		089FF6572BC69CB2002601DA /* ExploreView.swift in Sources */ = {isa = PBXBuildFile; fileRef = 089FF6562BC69CB2002601DA /* ExploreView.swift */; };
		089FF6592BC69CE0002601DA /* NotificationsView.swift in Sources */ = {isa = PBXBuildFile; fileRef = 089FF6582BC69CE0002601DA /* NotificationsView.swift */; };
		089FF65B2BC69D04002601DA /* MessagesView.swift in Sources */ = {isa = PBXBuildFile; fileRef = 089FF65A2BC69D04002601DA /* MessagesView.swift */; };
		089FF65F2BC6A2E0002601DA /* ProfileView.swift in Sources */ = {isa = PBXBuildFile; fileRef = 089FF65E2BC6A2E0002601DA /* ProfileView.swift */; };
		089FF6612BC6AF42002601DA /* TweetFilterViewModel.swift in Sources */ = {isa = PBXBuildFile; fileRef = 089FF6602BC6AF42002601DA /* TweetFilterViewModel.swift */; };
		089FF6662BC7F61A002601DA /* UserRowView.swift in Sources */ = {isa = PBXBuildFile; fileRef = 089FF6652BC7F61A002601DA /* UserRowView.swift */; };
		089FF66B2BC82495002601DA /* SideMenuView.swift in Sources */ = {isa = PBXBuildFile; fileRef = 089FF66A2BC82495002601DA /* SideMenuView.swift */; };
		089FF66D2BC824AF002601DA /* SideMenuRowView.swift in Sources */ = {isa = PBXBuildFile; fileRef = 089FF66C2BC824AF002601DA /* SideMenuRowView.swift */; };
		089FF66F2BC824D1002601DA /* SideMenuViewModel.swift in Sources */ = {isa = PBXBuildFile; fileRef = 089FF66E2BC824D1002601DA /* SideMenuViewModel.swift */; };
		089FF6732BC827DC002601DA /* UserStatsView.swift in Sources */ = {isa = PBXBuildFile; fileRef = 089FF6722BC827DC002601DA /* UserStatsView.swift */; };
		089FF6792BC91A3F002601DA /* NewTweetView.swift in Sources */ = {isa = PBXBuildFile; fileRef = 089FF6782BC91A3F002601DA /* NewTweetView.swift */; };
		089FF67B2BC91C19002601DA /* TextArea.swift in Sources */ = {isa = PBXBuildFile; fileRef = 089FF67A2BC91C19002601DA /* TextArea.swift */; };
		089FF6802BD00DD1002601DA /* LoginView.swift in Sources */ = {isa = PBXBuildFile; fileRef = 089FF67F2BD00DD1002601DA /* LoginView.swift */; };
		089FF6822BD00DE2002601DA /* RegistrationView.swift in Sources */ = {isa = PBXBuildFile; fileRef = 089FF6812BD00DE2002601DA /* RegistrationView.swift */; };
		089FF6842BD00FE5002601DA /* RoundedShape.swift in Sources */ = {isa = PBXBuildFile; fileRef = 089FF6832BD00FE5002601DA /* RoundedShape.swift */; };
		089FF6862BD01874002601DA /* CustominputField.swift in Sources */ = {isa = PBXBuildFile; fileRef = 089FF6852BD01874002601DA /* CustominputField.swift */; };
		089FF6892BD01BEC002601DA /* AuthenticaionView.swift in Sources */ = {isa = PBXBuildFile; fileRef = 089FF6882BD01BEC002601DA /* AuthenticaionView.swift */; };
/* End PBXBuildFile section */

/* Begin PBXFileReference section */
		082642732BD1646700F2B508 /* GoogleService-Info.plist */ = {isa = PBXFileReference; lastKnownFileType = text.plist; path = "GoogleService-Info.plist"; sourceTree = SOURCE_ROOT; };
		0826427E2BD1690500F2B508 /* AuthViewModel.swift */ = {isa = PBXFileReference; lastKnownFileType = sourcecode.swift; path = AuthViewModel.swift; sourceTree = "<group>"; };
		082642802BD379E300F2B508 /* ProfilePhotoSelecterView.swift */ = {isa = PBXFileReference; lastKnownFileType = sourcecode.swift; path = ProfilePhotoSelecterView.swift; sourceTree = "<group>"; };
		082642832BD4DDCB00F2B508 /* ImagePicker.swift */ = {isa = PBXFileReference; lastKnownFileType = sourcecode.swift; path = ImagePicker.swift; sourceTree = "<group>"; };
		082642852BD4EA5A00F2B508 /* ImageUploader.swift */ = {isa = PBXFileReference; lastKnownFileType = sourcecode.swift; path = ImageUploader.swift; sourceTree = "<group>"; };
		082642892BD4FE0900F2B508 /* UserService.swift */ = {isa = PBXFileReference; lastKnownFileType = sourcecode.swift; path = UserService.swift; sourceTree = "<group>"; };
		0826428B2BD4FFC900F2B508 /* User.swift */ = {isa = PBXFileReference; lastKnownFileType = sourcecode.swift; path = User.swift; sourceTree = "<group>"; };
		089FF6302BC41432002601DA /* TwitterClone.app */ = {isa = PBXFileReference; explicitFileType = wrapper.application; includeInIndex = 0; path = TwitterClone.app; sourceTree = BUILT_PRODUCTS_DIR; };
		089FF6332BC41432002601DA /* TwitterCloneApp.swift */ = {isa = PBXFileReference; lastKnownFileType = sourcecode.swift; path = TwitterCloneApp.swift; sourceTree = "<group>"; };
		089FF6352BC41432002601DA /* ContentView.swift */ = {isa = PBXFileReference; lastKnownFileType = sourcecode.swift; path = ContentView.swift; sourceTree = "<group>"; };
		089FF6372BC41434002601DA /* Assets.xcassets */ = {isa = PBXFileReference; lastKnownFileType = folder.assetcatalog; path = Assets.xcassets; sourceTree = "<group>"; };
		089FF63A2BC41434002601DA /* Preview Assets.xcassets */ = {isa = PBXFileReference; lastKnownFileType = folder.assetcatalog; path = "Preview Assets.xcassets"; sourceTree = "<group>"; };
		089FF64A2BC41752002601DA /* FeedView.swift */ = {isa = PBXFileReference; lastKnownFileType = sourcecode.swift; path = FeedView.swift; sourceTree = "<group>"; };
		089FF64D2BC418EA002601DA /* TweetRowView.swift */ = {isa = PBXFileReference; lastKnownFileType = sourcecode.swift; path = TweetRowView.swift; sourceTree = "<group>"; };
		089FF6502BC54CF4002601DA /* MainTabView.swift */ = {isa = PBXFileReference; lastKnownFileType = sourcecode.swift; path = MainTabView.swift; sourceTree = "<group>"; };
		089FF6562BC69CB2002601DA /* ExploreView.swift */ = {isa = PBXFileReference; lastKnownFileType = sourcecode.swift; path = ExploreView.swift; sourceTree = "<group>"; };
		089FF6582BC69CE0002601DA /* NotificationsView.swift */ = {isa = PBXFileReference; lastKnownFileType = sourcecode.swift; path = NotificationsView.swift; sourceTree = "<group>"; };
		089FF65A2BC69D04002601DA /* MessagesView.swift */ = {isa = PBXFileReference; lastKnownFileType = sourcecode.swift; path = MessagesView.swift; sourceTree = "<group>"; };
		089FF65E2BC6A2E0002601DA /* ProfileView.swift */ = {isa = PBXFileReference; lastKnownFileType = sourcecode.swift; path = ProfileView.swift; sourceTree = "<group>"; };
		089FF6602BC6AF42002601DA /* TweetFilterViewModel.swift */ = {isa = PBXFileReference; lastKnownFileType = sourcecode.swift; path = TweetFilterViewModel.swift; sourceTree = "<group>"; };
		089FF6652BC7F61A002601DA /* UserRowView.swift */ = {isa = PBXFileReference; lastKnownFileType = sourcecode.swift; path = UserRowView.swift; sourceTree = "<group>"; };
		089FF66A2BC82495002601DA /* SideMenuView.swift */ = {isa = PBXFileReference; lastKnownFileType = sourcecode.swift; path = SideMenuView.swift; sourceTree = "<group>"; };
		089FF66C2BC824AF002601DA /* SideMenuRowView.swift */ = {isa = PBXFileReference; lastKnownFileType = sourcecode.swift; path = SideMenuRowView.swift; sourceTree = "<group>"; };
		089FF66E2BC824D1002601DA /* SideMenuViewModel.swift */ = {isa = PBXFileReference; lastKnownFileType = sourcecode.swift; path = SideMenuViewModel.swift; sourceTree = "<group>"; };
		089FF6722BC827DC002601DA /* UserStatsView.swift */ = {isa = PBXFileReference; lastKnownFileType = sourcecode.swift; path = UserStatsView.swift; sourceTree = "<group>"; };
		089FF6782BC91A3F002601DA /* NewTweetView.swift */ = {isa = PBXFileReference; lastKnownFileType = sourcecode.swift; path = NewTweetView.swift; sourceTree = "<group>"; };
		089FF67A2BC91C19002601DA /* TextArea.swift */ = {isa = PBXFileReference; lastKnownFileType = sourcecode.swift; path = TextArea.swift; sourceTree = "<group>"; };
		089FF67F2BD00DD1002601DA /* LoginView.swift */ = {isa = PBXFileReference; lastKnownFileType = sourcecode.swift; path = LoginView.swift; sourceTree = "<group>"; };
		089FF6812BD00DE2002601DA /* RegistrationView.swift */ = {isa = PBXFileReference; lastKnownFileType = sourcecode.swift; path = RegistrationView.swift; sourceTree = "<group>"; };
		089FF6832BD00FE5002601DA /* RoundedShape.swift */ = {isa = PBXFileReference; lastKnownFileType = sourcecode.swift; path = RoundedShape.swift; sourceTree = "<group>"; };
		089FF6852BD01874002601DA /* CustominputField.swift */ = {isa = PBXFileReference; lastKnownFileType = sourcecode.swift; path = CustominputField.swift; sourceTree = "<group>"; };
		089FF6882BD01BEC002601DA /* AuthenticaionView.swift */ = {isa = PBXFileReference; lastKnownFileType = sourcecode.swift; path = AuthenticaionView.swift; sourceTree = "<group>"; };
/* End PBXFileReference section */

/* Begin PBXFrameworksBuildPhase section */
		089FF62D2BC41432002601DA /* Frameworks */ = {
			isa = PBXFrameworksBuildPhase;
			buildActionMask = 2147483647;
			files = (
				082642772BD1659400F2B508 /* FirebaseAuth in Frameworks */,
				0826427D2BD1659400F2B508 /* FirebaseStorage in Frameworks */,
				082642792BD1659400F2B508 /* FirebaseFirestore in Frameworks */,
				0826427B2BD1659400F2B508 /* FirebaseFirestoreSwift in Frameworks */,
				0826428F2BD5061A00F2B508 /* Kingfisher in Frameworks */,
			);
			runOnlyForDeploymentPostprocessing = 0;
		};
/* End PBXFrameworksBuildPhase section */

/* Begin PBXGroup section */
		082642822BD4DDB600F2B508 /* Utiles */ = {
			isa = PBXGroup;
			children = (
				082642832BD4DDCB00F2B508 /* ImagePicker.swift */,
			);
			path = Utiles;
			sourceTree = "<group>";
		};
		089FF6272BC41432002601DA = {
			isa = PBXGroup;
			children = (
				089FF6322BC41432002601DA /* TwitterClone */,
				089FF6312BC41432002601DA /* Products */,
			);
			sourceTree = "<group>";
		};
		089FF6312BC41432002601DA /* Products */ = {
			isa = PBXGroup;
			children = (
				089FF6302BC41432002601DA /* TwitterClone.app */,
			);
			name = Products;
			sourceTree = "<group>";
		};
		089FF6322BC41432002601DA /* TwitterClone */ = {
			isa = PBXGroup;
			children = (
				089FF6442BC41607002601DA /* Extensions */,
				082642822BD4DDB600F2B508 /* Utiles */,
				089FF6452BC41690002601DA /* Core */,
				089FF6432BC41603002601DA /* Service */,
				089FF6422BC415F2002601DA /* Model */,
				089FF6332BC41432002601DA /* TwitterCloneApp.swift */,
				089FF6352BC41432002601DA /* ContentView.swift */,
				089FF6372BC41434002601DA /* Assets.xcassets */,
				082642732BD1646700F2B508 /* GoogleService-Info.plist */,
				089FF6392BC41434002601DA /* Preview Content */,
			);
			path = TwitterClone;
			sourceTree = "<group>";
		};
		089FF6392BC41434002601DA /* Preview Content */ = {
			isa = PBXGroup;
			children = (
				089FF63A2BC41434002601DA /* Preview Assets.xcassets */,
			);
			path = "Preview Content";
			sourceTree = "<group>";
		};
		089FF6422BC415F2002601DA /* Model */ = {
			isa = PBXGroup;
			children = (
				0826428B2BD4FFC900F2B508 /* User.swift */,
			);
			path = Model;
			sourceTree = "<group>";
		};
		089FF6432BC41603002601DA /* Service */ = {
			isa = PBXGroup;
			children = (
				082642852BD4EA5A00F2B508 /* ImageUploader.swift */,
				082642892BD4FE0900F2B508 /* UserService.swift */,
			);
			path = Service;
			sourceTree = "<group>";
		};
		089FF6442BC41607002601DA /* Extensions */ = {
			isa = PBXGroup;
			children = (
			);
			path = Extensions;
			sourceTree = "<group>";
		};
		089FF6452BC41690002601DA /* Core */ = {
			isa = PBXGroup;
			children = (
				089FF67C2BD00D90002601DA /* Authentication */,
				089FF6752BC919F9002601DA /* UploadTweet */,
				089FF6672BC82457002601DA /* SideMenu */,
				089FF6552BC69C8C002601DA /* Messages */,
				089FF6542BC69C7F002601DA /* Explore */,
				089FF6532BC69C75002601DA /* Notifications */,
				089FF6522BC69C6A002601DA /* Profile */,
				089FF64F2BC54CD3002601DA /* MainTab */,
				089FF6472BC416BF002601DA /* Feed */,
				089FF6462BC416AC002601DA /* Components */,
			);
			path = Core;
			sourceTree = "<group>";
		};
		089FF6462BC416AC002601DA /* Components */ = {
			isa = PBXGroup;
			children = (
				089FF6872BD01BB7002601DA /* Authentication */,
				089FF67A2BC91C19002601DA /* TextArea.swift */,
				089FF6642BC7F603002601DA /* Users */,
				089FF64C2BC418AA002601DA /* Tweets */,
				089FF6832BD00FE5002601DA /* RoundedShape.swift */,
				089FF6852BD01874002601DA /* CustominputField.swift */,
			);
			path = Components;
			sourceTree = "<group>";
		};
		089FF6472BC416BF002601DA /* Feed */ = {
			isa = PBXGroup;
			children = (
				089FF6482BC4170D002601DA /* ViewModels */,
				089FF6492BC41718002601DA /* View */,
			);
			path = Feed;
			sourceTree = "<group>";
		};
		089FF6482BC4170D002601DA /* ViewModels */ = {
			isa = PBXGroup;
			children = (
			);
			path = ViewModels;
			sourceTree = "<group>";
		};
		089FF6492BC41718002601DA /* View */ = {
			isa = PBXGroup;
			children = (
				089FF64A2BC41752002601DA /* FeedView.swift */,
			);
			path = View;
			sourceTree = "<group>";
		};
		089FF64C2BC418AA002601DA /* Tweets */ = {
			isa = PBXGroup;
			children = (
				089FF64D2BC418EA002601DA /* TweetRowView.swift */,
			);
			path = Tweets;
			sourceTree = "<group>";
		};
		089FF64F2BC54CD3002601DA /* MainTab */ = {
			isa = PBXGroup;
			children = (
				089FF6502BC54CF4002601DA /* MainTabView.swift */,
			);
			path = MainTab;
			sourceTree = "<group>";
		};
		089FF6522BC69C6A002601DA /* Profile */ = {
			isa = PBXGroup;
			children = (
				089FF65D2BC6A2CC002601DA /* Views */,
				089FF65C2BC6A2C2002601DA /* ViewModels */,
			);
			path = Profile;
			sourceTree = "<group>";
		};
		089FF6532BC69C75002601DA /* Notifications */ = {
			isa = PBXGroup;
			children = (
				089FF6582BC69CE0002601DA /* NotificationsView.swift */,
			);
			path = Notifications;
			sourceTree = "<group>";
		};
		089FF6542BC69C7F002601DA /* Explore */ = {
			isa = PBXGroup;
			children = (
				089FF6632BC7F5B8002601DA /* Views */,
				089FF6622BC7F5AC002601DA /* ViewModels */,
			);
			path = Explore;
			sourceTree = "<group>";
		};
		089FF6552BC69C8C002601DA /* Messages */ = {
			isa = PBXGroup;
			children = (
				089FF65A2BC69D04002601DA /* MessagesView.swift */,
			);
			path = Messages;
			sourceTree = "<group>";
		};
		089FF65C2BC6A2C2002601DA /* ViewModels */ = {
			isa = PBXGroup;
			children = (
				089FF6602BC6AF42002601DA /* TweetFilterViewModel.swift */,
			);
			path = ViewModels;
			sourceTree = "<group>";
		};
		089FF65D2BC6A2CC002601DA /* Views */ = {
			isa = PBXGroup;
			children = (
				089FF65E2BC6A2E0002601DA /* ProfileView.swift */,
			);
			path = Views;
			sourceTree = "<group>";
		};
		089FF6622BC7F5AC002601DA /* ViewModels */ = {
			isa = PBXGroup;
			children = (
			);
			path = ViewModels;
			sourceTree = "<group>";
		};
		089FF6632BC7F5B8002601DA /* Views */ = {
			isa = PBXGroup;
			children = (
				089FF6562BC69CB2002601DA /* ExploreView.swift */,
			);
			path = Views;
			sourceTree = "<group>";
		};
		089FF6642BC7F603002601DA /* Users */ = {
			isa = PBXGroup;
			children = (
				089FF6652BC7F61A002601DA /* UserRowView.swift */,
				089FF6722BC827DC002601DA /* UserStatsView.swift */,
			);
			path = Users;
			sourceTree = "<group>";
		};
		089FF6672BC82457002601DA /* SideMenu */ = {
			isa = PBXGroup;
			children = (
				089FF6692BC82478002601DA /* Views */,
				089FF6682BC8246C002601DA /* ViewModels */,
			);
			path = SideMenu;
			sourceTree = "<group>";
		};
		089FF6682BC8246C002601DA /* ViewModels */ = {
			isa = PBXGroup;
			children = (
				089FF66E2BC824D1002601DA /* SideMenuViewModel.swift */,
			);
			path = ViewModels;
			sourceTree = "<group>";
		};
		089FF6692BC82478002601DA /* Views */ = {
			isa = PBXGroup;
			children = (
				089FF66A2BC82495002601DA /* SideMenuView.swift */,
				089FF66C2BC824AF002601DA /* SideMenuRowView.swift */,
			);
			path = Views;
			sourceTree = "<group>";
		};
		089FF6752BC919F9002601DA /* UploadTweet */ = {
			isa = PBXGroup;
			children = (
				089FF6772BC91A22002601DA /* View */,
				089FF6762BC91A1A002601DA /* ViewModels */,
			);
			path = UploadTweet;
			sourceTree = "<group>";
		};
		089FF6762BC91A1A002601DA /* ViewModels */ = {
			isa = PBXGroup;
			children = (
			);
			path = ViewModels;
			sourceTree = "<group>";
		};
		089FF6772BC91A22002601DA /* View */ = {
			isa = PBXGroup;
			children = (
				089FF6782BC91A3F002601DA /* NewTweetView.swift */,
			);
			path = View;
			sourceTree = "<group>";
		};
		089FF67C2BD00D90002601DA /* Authentication */ = {
			isa = PBXGroup;
			children = (
				089FF67E2BD00DAC002601DA /* View */,
				089FF67D2BD00DA6002601DA /* ViewModel */,
			);
			path = Authentication;
			sourceTree = "<group>";
		};
		089FF67D2BD00DA6002601DA /* ViewModel */ = {
			isa = PBXGroup;
			children = (
				0826427E2BD1690500F2B508 /* AuthViewModel.swift */,
			);
			path = ViewModel;
			sourceTree = "<group>";
		};
		089FF67E2BD00DAC002601DA /* View */ = {
			isa = PBXGroup;
			children = (
				089FF67F2BD00DD1002601DA /* LoginView.swift */,
				089FF6812BD00DE2002601DA /* RegistrationView.swift */,
				082642802BD379E300F2B508 /* ProfilePhotoSelecterView.swift */,
			);
			path = View;
			sourceTree = "<group>";
		};
		089FF6872BD01BB7002601DA /* Authentication */ = {
			isa = PBXGroup;
			children = (
				089FF6882BD01BEC002601DA /* AuthenticaionView.swift */,
			);
			path = Authentication;
			sourceTree = "<group>";
		};
/* End PBXGroup section */

/* Begin PBXNativeTarget section */
		089FF62F2BC41432002601DA /* TwitterClone */ = {
			isa = PBXNativeTarget;
			buildConfigurationList = 089FF63E2BC41434002601DA /* Build configuration list for PBXNativeTarget "TwitterClone" */;
			buildPhases = (
				089FF62C2BC41432002601DA /* Sources */,
				089FF62D2BC41432002601DA /* Frameworks */,
				089FF62E2BC41432002601DA /* Resources */,
			);
			buildRules = (
			);
			dependencies = (
			);
			name = TwitterClone;
			packageProductDependencies = (
				082642762BD1659400F2B508 /* FirebaseAuth */,
				082642782BD1659400F2B508 /* FirebaseFirestore */,
				0826427A2BD1659400F2B508 /* FirebaseFirestoreSwift */,
				0826427C2BD1659400F2B508 /* FirebaseStorage */,
				0826428E2BD5061A00F2B508 /* Kingfisher */,
			);
			productName = TwitterClone;
			productReference = 089FF6302BC41432002601DA /* TwitterClone.app */;
			productType = "com.apple.product-type.application";
		};
/* End PBXNativeTarget section */

/* Begin PBXProject section */
		089FF6282BC41432002601DA /* Project object */ = {
			isa = PBXProject;
			attributes = {
				BuildIndependentTargetsInParallel = 1;
				LastSwiftUpdateCheck = 1420;
				LastUpgradeCheck = 1420;
				TargetAttributes = {
					089FF62F2BC41432002601DA = {
						CreatedOnToolsVersion = 14.2;
					};
				};
			};
			buildConfigurationList = 089FF62B2BC41432002601DA /* Build configuration list for PBXProject "TwitterClone" */;
			compatibilityVersion = "Xcode 14.0";
			developmentRegion = en;
			hasScannedForEncodings = 0;
			knownRegions = (
				en,
				Base,
			);
			mainGroup = 089FF6272BC41432002601DA;
			packageReferences = (
				082642752BD1659300F2B508 /* XCRemoteSwiftPackageReference "firebase-ios-sdk" */,
				0826428D2BD5061A00F2B508 /* XCRemoteSwiftPackageReference "Kingfisher" */,
			);
			productRefGroup = 089FF6312BC41432002601DA /* Products */;
			projectDirPath = "";
			projectRoot = "";
			targets = (
				089FF62F2BC41432002601DA /* TwitterClone */,
			);
		};
/* End PBXProject section */

/* Begin PBXResourcesBuildPhase section */
		089FF62E2BC41432002601DA /* Resources */ = {
			isa = PBXResourcesBuildPhase;
			buildActionMask = 2147483647;
			files = (
				089FF63B2BC41434002601DA /* Preview Assets.xcassets in Resources */,
				089FF6382BC41434002601DA /* Assets.xcassets in Resources */,
				082642742BD1646700F2B508 /* GoogleService-Info.plist in Resources */,
			);
			runOnlyForDeploymentPostprocessing = 0;
		};
/* End PBXResourcesBuildPhase section */

/* Begin PBXSourcesBuildPhase section */
		089FF62C2BC41432002601DA /* Sources */ = {
			isa = PBXSourcesBuildPhase;
			buildActionMask = 2147483647;
			files = (
				089FF65B2BC69D04002601DA /* MessagesView.swift in Sources */,
				089FF65F2BC6A2E0002601DA /* ProfileView.swift in Sources */,
				0826428A2BD4FE0900F2B508 /* UserService.swift in Sources */,
				082642842BD4DDCB00F2B508 /* ImagePicker.swift in Sources */,
				089FF6362BC41432002601DA /* ContentView.swift in Sources */,
				089FF66D2BC824AF002601DA /* SideMenuRowView.swift in Sources */,
				082642862BD4EA5A00F2B508 /* ImageUploader.swift in Sources */,
				089FF64E2BC418EA002601DA /* TweetRowView.swift in Sources */,
				089FF6892BD01BEC002601DA /* AuthenticaionView.swift in Sources */,
				082642812BD379E300F2B508 /* ProfilePhotoSelecterView.swift in Sources */,
				089FF6612BC6AF42002601DA /* TweetFilterViewModel.swift in Sources */,
				089FF64B2BC41752002601DA /* FeedView.swift in Sources */,
				089FF66B2BC82495002601DA /* SideMenuView.swift in Sources */,
				089FF6342BC41432002601DA /* TwitterCloneApp.swift in Sources */,
				089FF6572BC69CB2002601DA /* ExploreView.swift in Sources */,
				089FF67B2BC91C19002601DA /* TextArea.swift in Sources */,
				089FF66F2BC824D1002601DA /* SideMenuViewModel.swift in Sources */,
				089FF6802BD00DD1002601DA /* LoginView.swift in Sources */,
				089FF6822BD00DE2002601DA /* RegistrationView.swift in Sources */,
				089FF6792BC91A3F002601DA /* NewTweetView.swift in Sources */,
				0826428C2BD4FFC900F2B508 /* User.swift in Sources */,
				089FF6842BD00FE5002601DA /* RoundedShape.swift in Sources */,
				0826427F2BD1690500F2B508 /* AuthViewModel.swift in Sources */,
				089FF6662BC7F61A002601DA /* UserRowView.swift in Sources */,
				089FF6512BC54CF4002601DA /* MainTabView.swift in Sources */,
				089FF6592BC69CE0002601DA /* NotificationsView.swift in Sources */,
				089FF6732BC827DC002601DA /* UserStatsView.swift in Sources */,
				089FF6862BD01874002601DA /* CustominputField.swift in Sources */,
			);
			runOnlyForDeploymentPostprocessing = 0;
		};
/* End PBXSourcesBuildPhase section */

/* Begin XCBuildConfiguration section */
		089FF63C2BC41434002601DA /* Debug */ = {
			isa = XCBuildConfiguration;
			buildSettings = {
				ALWAYS_SEARCH_USER_PATHS = NO;
				CLANG_ANALYZER_NONNULL = YES;
				CLANG_ANALYZER_NUMBER_OBJECT_CONVERSION = YES_AGGRESSIVE;
				CLANG_CXX_LANGUAGE_STANDARD = "gnu++20";
				CLANG_ENABLE_MODULES = YES;
				CLANG_ENABLE_OBJC_ARC = YES;
				CLANG_ENABLE_OBJC_WEAK = YES;
				CLANG_WARN_BLOCK_CAPTURE_AUTORELEASING = YES;
				CLANG_WARN_BOOL_CONVERSION = YES;
				CLANG_WARN_COMMA = YES;
				CLANG_WARN_CONSTANT_CONVERSION = YES;
				CLANG_WARN_DEPRECATED_OBJC_IMPLEMENTATIONS = YES;
				CLANG_WARN_DIRECT_OBJC_ISA_USAGE = YES_ERROR;
				CLANG_WARN_DOCUMENTATION_COMMENTS = YES;
				CLANG_WARN_EMPTY_BODY = YES;
				CLANG_WARN_ENUM_CONVERSION = YES;
				CLANG_WARN_INFINITE_RECURSION = YES;
				CLANG_WARN_INT_CONVERSION = YES;
				CLANG_WARN_NON_LITERAL_NULL_CONVERSION = YES;
				CLANG_WARN_OBJC_IMPLICIT_RETAIN_SELF = YES;
				CLANG_WARN_OBJC_LITERAL_CONVERSION = YES;
				CLANG_WARN_OBJC_ROOT_CLASS = YES_ERROR;
				CLANG_WARN_QUOTED_INCLUDE_IN_FRAMEWORK_HEADER = YES;
				CLANG_WARN_RANGE_LOOP_ANALYSIS = YES;
				CLANG_WARN_STRICT_PROTOTYPES = YES;
				CLANG_WARN_SUSPICIOUS_MOVE = YES;
				CLANG_WARN_UNGUARDED_AVAILABILITY = YES_AGGRESSIVE;
				CLANG_WARN_UNREACHABLE_CODE = YES;
				CLANG_WARN__DUPLICATE_METHOD_MATCH = YES;
				COPY_PHASE_STRIP = NO;
				DEBUG_INFORMATION_FORMAT = dwarf;
				ENABLE_STRICT_OBJC_MSGSEND = YES;
				ENABLE_TESTABILITY = YES;
				GCC_C_LANGUAGE_STANDARD = gnu11;
				GCC_DYNAMIC_NO_PIC = NO;
				GCC_NO_COMMON_BLOCKS = YES;
				GCC_OPTIMIZATION_LEVEL = 0;
				GCC_PREPROCESSOR_DEFINITIONS = (
					"DEBUG=1",
					"$(inherited)",
				);
				GCC_WARN_64_TO_32_BIT_CONVERSION = YES;
				GCC_WARN_ABOUT_RETURN_TYPE = YES_ERROR;
				GCC_WARN_UNDECLARED_SELECTOR = YES;
				GCC_WARN_UNINITIALIZED_AUTOS = YES_AGGRESSIVE;
				GCC_WARN_UNUSED_FUNCTION = YES;
				GCC_WARN_UNUSED_VARIABLE = YES;
				IPHONEOS_DEPLOYMENT_TARGET = 16.2;
				MTL_ENABLE_DEBUG_INFO = INCLUDE_SOURCE;
				MTL_FAST_MATH = YES;
				ONLY_ACTIVE_ARCH = YES;
				SDKROOT = iphoneos;
				SWIFT_ACTIVE_COMPILATION_CONDITIONS = DEBUG;
				SWIFT_OPTIMIZATION_LEVEL = "-Onone";
			};
			name = Debug;
		};
		089FF63D2BC41434002601DA /* Release */ = {
			isa = XCBuildConfiguration;
			buildSettings = {
				ALWAYS_SEARCH_USER_PATHS = NO;
				CLANG_ANALYZER_NONNULL = YES;
				CLANG_ANALYZER_NUMBER_OBJECT_CONVERSION = YES_AGGRESSIVE;
				CLANG_CXX_LANGUAGE_STANDARD = "gnu++20";
				CLANG_ENABLE_MODULES = YES;
				CLANG_ENABLE_OBJC_ARC = YES;
				CLANG_ENABLE_OBJC_WEAK = YES;
				CLANG_WARN_BLOCK_CAPTURE_AUTORELEASING = YES;
				CLANG_WARN_BOOL_CONVERSION = YES;
				CLANG_WARN_COMMA = YES;
				CLANG_WARN_CONSTANT_CONVERSION = YES;
				CLANG_WARN_DEPRECATED_OBJC_IMPLEMENTATIONS = YES;
				CLANG_WARN_DIRECT_OBJC_ISA_USAGE = YES_ERROR;
				CLANG_WARN_DOCUMENTATION_COMMENTS = YES;
				CLANG_WARN_EMPTY_BODY = YES;
				CLANG_WARN_ENUM_CONVERSION = YES;
				CLANG_WARN_INFINITE_RECURSION = YES;
				CLANG_WARN_INT_CONVERSION = YES;
				CLANG_WARN_NON_LITERAL_NULL_CONVERSION = YES;
				CLANG_WARN_OBJC_IMPLICIT_RETAIN_SELF = YES;
				CLANG_WARN_OBJC_LITERAL_CONVERSION = YES;
				CLANG_WARN_OBJC_ROOT_CLASS = YES_ERROR;
				CLANG_WARN_QUOTED_INCLUDE_IN_FRAMEWORK_HEADER = YES;
				CLANG_WARN_RANGE_LOOP_ANALYSIS = YES;
				CLANG_WARN_STRICT_PROTOTYPES = YES;
				CLANG_WARN_SUSPICIOUS_MOVE = YES;
				CLANG_WARN_UNGUARDED_AVAILABILITY = YES_AGGRESSIVE;
				CLANG_WARN_UNREACHABLE_CODE = YES;
				CLANG_WARN__DUPLICATE_METHOD_MATCH = YES;
				COPY_PHASE_STRIP = NO;
				DEBUG_INFORMATION_FORMAT = "dwarf-with-dsym";
				ENABLE_NS_ASSERTIONS = NO;
				ENABLE_STRICT_OBJC_MSGSEND = YES;
				GCC_C_LANGUAGE_STANDARD = gnu11;
				GCC_NO_COMMON_BLOCKS = YES;
				GCC_WARN_64_TO_32_BIT_CONVERSION = YES;
				GCC_WARN_ABOUT_RETURN_TYPE = YES_ERROR;
				GCC_WARN_UNDECLARED_SELECTOR = YES;
				GCC_WARN_UNINITIALIZED_AUTOS = YES_AGGRESSIVE;
				GCC_WARN_UNUSED_FUNCTION = YES;
				GCC_WARN_UNUSED_VARIABLE = YES;
				IPHONEOS_DEPLOYMENT_TARGET = 16.2;
				MTL_ENABLE_DEBUG_INFO = NO;
				MTL_FAST_MATH = YES;
				SDKROOT = iphoneos;
				SWIFT_COMPILATION_MODE = wholemodule;
				SWIFT_OPTIMIZATION_LEVEL = "-O";
				VALIDATE_PRODUCT = YES;
			};
			name = Release;
		};
		089FF63F2BC41434002601DA /* Debug */ = {
			isa = XCBuildConfiguration;
			buildSettings = {
				ASSETCATALOG_COMPILER_APPICON_NAME = AppIcon;
				ASSETCATALOG_COMPILER_GLOBAL_ACCENT_COLOR_NAME = AccentColor;
				CODE_SIGN_STYLE = Automatic;
				CURRENT_PROJECT_VERSION = 1;
				DEVELOPMENT_ASSET_PATHS = "\"TwitterClone/Preview Content\"";
				DEVELOPMENT_TEAM = H2ARW4KG7U;
				ENABLE_PREVIEWS = YES;
				GENERATE_INFOPLIST_FILE = YES;
				INFOPLIST_KEY_UIApplicationSceneManifest_Generation = YES;
				INFOPLIST_KEY_UIApplicationSupportsIndirectInputEvents = YES;
				INFOPLIST_KEY_UILaunchScreen_Generation = YES;
				INFOPLIST_KEY_UISupportedInterfaceOrientations_iPad = "UIInterfaceOrientationPortrait UIInterfaceOrientationPortraitUpsideDown UIInterfaceOrientationLandscapeLeft UIInterfaceOrientationLandscapeRight";
				INFOPLIST_KEY_UISupportedInterfaceOrientations_iPhone = "UIInterfaceOrientationPortrait UIInterfaceOrientationLandscapeLeft UIInterfaceOrientationLandscapeRight";
				LD_RUNPATH_SEARCH_PATHS = (
					"$(inherited)",
					"@executable_path/Frameworks",
				);
				MARKETING_VERSION = 1.0;
				PRODUCT_BUNDLE_IDENTIFIER = com.Kakeru.TwitterClone;
				PRODUCT_NAME = "$(TARGET_NAME)";
				SWIFT_EMIT_LOC_STRINGS = YES;
				SWIFT_VERSION = 5.0;
				TARGETED_DEVICE_FAMILY = "1,2";
			};
			name = Debug;
		};
		089FF6402BC41434002601DA /* Release */ = {
			isa = XCBuildConfiguration;
			buildSettings = {
				ASSETCATALOG_COMPILER_APPICON_NAME = AppIcon;
				ASSETCATALOG_COMPILER_GLOBAL_ACCENT_COLOR_NAME = AccentColor;
				CODE_SIGN_STYLE = Automatic;
				CURRENT_PROJECT_VERSION = 1;
				DEVELOPMENT_ASSET_PATHS = "\"TwitterClone/Preview Content\"";
				DEVELOPMENT_TEAM = H2ARW4KG7U;
				ENABLE_PREVIEWS = YES;
				GENERATE_INFOPLIST_FILE = YES;
				INFOPLIST_KEY_UIApplicationSceneManifest_Generation = YES;
				INFOPLIST_KEY_UIApplicationSupportsIndirectInputEvents = YES;
				INFOPLIST_KEY_UILaunchScreen_Generation = YES;
				INFOPLIST_KEY_UISupportedInterfaceOrientations_iPad = "UIInterfaceOrientationPortrait UIInterfaceOrientationPortraitUpsideDown UIInterfaceOrientationLandscapeLeft UIInterfaceOrientationLandscapeRight";
				INFOPLIST_KEY_UISupportedInterfaceOrientations_iPhone = "UIInterfaceOrientationPortrait UIInterfaceOrientationLandscapeLeft UIInterfaceOrientationLandscapeRight";
				LD_RUNPATH_SEARCH_PATHS = (
					"$(inherited)",
					"@executable_path/Frameworks",
				);
				MARKETING_VERSION = 1.0;
				PRODUCT_BUNDLE_IDENTIFIER = com.Kakeru.TwitterClone;
				PRODUCT_NAME = "$(TARGET_NAME)";
				SWIFT_EMIT_LOC_STRINGS = YES;
				SWIFT_VERSION = 5.0;
				TARGETED_DEVICE_FAMILY = "1,2";
			};
			name = Release;
		};
/* End XCBuildConfiguration section */

/* Begin XCConfigurationList section */
		089FF62B2BC41432002601DA /* Build configuration list for PBXProject "TwitterClone" */ = {
			isa = XCConfigurationList;
			buildConfigurations = (
				089FF63C2BC41434002601DA /* Debug */,
				089FF63D2BC41434002601DA /* Release */,
			);
			defaultConfigurationIsVisible = 0;
			defaultConfigurationName = Release;
		};
		089FF63E2BC41434002601DA /* Build configuration list for PBXNativeTarget "TwitterClone" */ = {
			isa = XCConfigurationList;
			buildConfigurations = (
				089FF63F2BC41434002601DA /* Debug */,
				089FF6402BC41434002601DA /* Release */,
			);
			defaultConfigurationIsVisible = 0;
			defaultConfigurationName = Release;
		};
/* End XCConfigurationList section */

/* Begin XCRemoteSwiftPackageReference section */
		082642752BD1659300F2B508 /* XCRemoteSwiftPackageReference "firebase-ios-sdk" */ = {
			isa = XCRemoteSwiftPackageReference;
			repositoryURL = "https://github.com/firebase/firebase-ios-sdk";
			requirement = {
				kind = upToNextMajorVersion;
				minimumVersion = 9.0.0;
			};
		};
		0826428D2BD5061A00F2B508 /* XCRemoteSwiftPackageReference "Kingfisher" */ = {
			isa = XCRemoteSwiftPackageReference;
			repositoryURL = "https://github.com/onevcat/Kingfisher.git";
			requirement = {
				kind = upToNextMajorVersion;
				minimumVersion = 7.0.0;
			};
		};
/* End XCRemoteSwiftPackageReference section */

/* Begin XCSwiftPackageProductDependency section */
		082642762BD1659400F2B508 /* FirebaseAuth */ = {
			isa = XCSwiftPackageProductDependency;
			package = 082642752BD1659300F2B508 /* XCRemoteSwiftPackageReference "firebase-ios-sdk" */;
			productName = FirebaseAuth;
		};
		082642782BD1659400F2B508 /* FirebaseFirestore */ = {
			isa = XCSwiftPackageProductDependency;
			package = 082642752BD1659300F2B508 /* XCRemoteSwiftPackageReference "firebase-ios-sdk" */;
			productName = FirebaseFirestore;
		};
		0826427A2BD1659400F2B508 /* FirebaseFirestoreSwift */ = {
			isa = XCSwiftPackageProductDependency;
			package = 082642752BD1659300F2B508 /* XCRemoteSwiftPackageReference "firebase-ios-sdk" */;
			productName = FirebaseFirestoreSwift;
		};
		0826427C2BD1659400F2B508 /* FirebaseStorage */ = {
			isa = XCSwiftPackageProductDependency;
			package = 082642752BD1659300F2B508 /* XCRemoteSwiftPackageReference "firebase-ios-sdk" */;
			productName = FirebaseStorage;
		};
		0826428E2BD5061A00F2B508 /* Kingfisher */ = {
			isa = XCSwiftPackageProductDependency;
			package = 0826428D2BD5061A00F2B508 /* XCRemoteSwiftPackageReference "Kingfisher" */;
			productName = Kingfisher;
		};
/* End XCSwiftPackageProductDependency section */
	};
	rootObject = 089FF6282BC41432002601DA /* Project object */;
}
